
Microsoft Visual Studio Solution File, Format Version 12.00
# Visual Studio 15
VisualStudioVersion = 15.0.27428.2027
MinimumVisualStudioVersion = 10.0.40219.1
Project("{FAE04EC0-301F-11D3-BF4B-00C04F79EFBC}") = "Клас Box", "Клас Box\Клас Box.csproj", "{B1AF4006-EFFA-4E7A-912B-70C4EDA1BC5D}"
EndProject
Global
	GlobalSection(SolutionConfigurationPlatforms) = preSolution
		Debug|Any CPU = Debug|Any CPU
		Release|Any CPU = Release|Any CPU
	EndGlobalSection
	GlobalSection(ProjectConfigurationPlatforms) = postSolution
		{B1AF4006-EFFA-4E7A-912B-70C4EDA1BC5D}.Debug|Any CPU.ActiveCfg = Debug|Any CPU
		{B1AF4006-EFFA-4E7A-912B-70C4EDA1BC5D}.Debug|Any CPU.Build.0 = Debug|Any CPU
		{B1AF4006-EFFA-4E7A-912B-70C4EDA1BC5D}.Release|Any CPU.ActiveCfg = Release|Any CPU
		{B1AF4006-EFFA-4E7A-912B-70C4EDA1BC5D}.Release|Any CPU.Build.0 = Release|Any CPU
	EndGlobalSection
	GlobalSection(SolutionProperties) = preSolution
		HideSolutionNode = FALSE
	EndGlobalSection
	GlobalSection(ExtensibilityGlobals) = postSolution
		SolutionGuid = {4DC5E2D0-8269-4F4F-8464-409E2C39CAF7}
	EndGlobalSection
EndGlobal
