
Microsoft Visual Studio Solution File, Format Version 12.00
# Visual Studio 15
VisualStudioVersion = 15.0.27428.2043
MinimumVisualStudioVersion = 10.0.40219.1
Project("{FAE04EC0-301F-11D3-BF4B-00C04F79EFBC}") = "Game", "Game\Game.csproj", "{8A4C20EA-25DE-4584-BF85-6C869191AF5F}"
EndProject
Global
	GlobalSection(SolutionConfigurationPlatforms) = preSolution
		Debug|Any CPU = Debug|Any CPU
		Release|Any CPU = Release|Any CPU
	EndGlobalSection
	GlobalSection(ProjectConfigurationPlatforms) = postSolution
		{8A4C20EA-25DE-4584-BF85-6C869191AF5F}.Debug|Any CPU.ActiveCfg = Debug|Any CPU
		{8A4C20EA-25DE-4584-BF85-6C869191AF5F}.Debug|Any CPU.Build.0 = Debug|Any CPU
		{8A4C20EA-25DE-4584-BF85-6C869191AF5F}.Release|Any CPU.ActiveCfg = Release|Any CPU
		{8A4C20EA-25DE-4584-BF85-6C869191AF5F}.Release|Any CPU.Build.0 = Release|Any CPU
	EndGlobalSection
	GlobalSection(SolutionProperties) = preSolution
		HideSolutionNode = FALSE
	EndGlobalSection
	GlobalSection(ExtensibilityGlobals) = postSolution
		SolutionGuid = {D806A4FC-B7F8-4A86-9A12-34BFCEBCC7DB}
	EndGlobalSection
EndGlobal
