
Microsoft Visual Studio Solution File, Format Version 12.00
# Visual Studio 15
VisualStudioVersion = 15.0.28307.572
MinimumVisualStudioVersion = 10.0.40219.1
Project("{FAE04EC0-301F-11D3-BF4B-00C04F79EFBC}") = "ExceptionsTest", "ExceptionsTest\ExceptionsTest.csproj", "{A080E83F-EF22-4BA8-A31D-94CC8DF8CAB1}"
EndProject
Global
	GlobalSection(SolutionConfigurationPlatforms) = preSolution
		Debug|Any CPU = Debug|Any CPU
		Release|Any CPU = Release|Any CPU
	EndGlobalSection
	GlobalSection(ProjectConfigurationPlatforms) = postSolution
		{A080E83F-EF22-4BA8-A31D-94CC8DF8CAB1}.Debug|Any CPU.ActiveCfg = Debug|Any CPU
		{A080E83F-EF22-4BA8-A31D-94CC8DF8CAB1}.Debug|Any CPU.Build.0 = Debug|Any CPU
		{A080E83F-EF22-4BA8-A31D-94CC8DF8CAB1}.Release|Any CPU.ActiveCfg = Release|Any CPU
		{A080E83F-EF22-4BA8-A31D-94CC8DF8CAB1}.Release|Any CPU.Build.0 = Release|Any CPU
	EndGlobalSection
	GlobalSection(SolutionProperties) = preSolution
		HideSolutionNode = FALSE
	EndGlobalSection
	GlobalSection(ExtensibilityGlobals) = postSolution
		SolutionGuid = {49A40555-CE28-4107-8049-7268E88D62B0}
	EndGlobalSection
EndGlobal
