
Microsoft Visual Studio Solution File, Format Version 12.00
# Visual Studio 15
VisualStudioVersion = 15.0.27428.2043
MinimumVisualStudioVersion = 10.0.40219.1
Project("{FAE04EC0-301F-11D3-BF4B-00C04F79EFBC}") = "Exam", "Exam\Exam.csproj", "{B566EA3F-5B3A-42A6-8593-2373E4394733}"
EndProject
Global
	GlobalSection(SolutionConfigurationPlatforms) = preSolution
		Debug|Any CPU = Debug|Any CPU
		Release|Any CPU = Release|Any CPU
	EndGlobalSection
	GlobalSection(ProjectConfigurationPlatforms) = postSolution
		{B566EA3F-5B3A-42A6-8593-2373E4394733}.Debug|Any CPU.ActiveCfg = Debug|Any CPU
		{B566EA3F-5B3A-42A6-8593-2373E4394733}.Debug|Any CPU.Build.0 = Debug|Any CPU
		{B566EA3F-5B3A-42A6-8593-2373E4394733}.Release|Any CPU.ActiveCfg = Release|Any CPU
		{B566EA3F-5B3A-42A6-8593-2373E4394733}.Release|Any CPU.Build.0 = Release|Any CPU
	EndGlobalSection
	GlobalSection(SolutionProperties) = preSolution
		HideSolutionNode = FALSE
	EndGlobalSection
	GlobalSection(ExtensibilityGlobals) = postSolution
		SolutionGuid = {34E0002B-0E30-4282-A64F-841C8099E27A}
	EndGlobalSection
EndGlobal
