
Microsoft Visual Studio Solution File, Format Version 12.00
# Visual Studio 15
VisualStudioVersion = 15.0.28307.489
MinimumVisualStudioVersion = 10.0.40219.1
Project("{FAE04EC0-301F-11D3-BF4B-00C04F79EFBC}") = "FootballSeason", "FootballSeason\FootballSeason.csproj", "{15BA50FA-1E4F-4DFA-AC11-FD0B2E0D8664}"
EndProject
Global
	GlobalSection(SolutionConfigurationPlatforms) = preSolution
		Debug|Any CPU = Debug|Any CPU
		Release|Any CPU = Release|Any CPU
	EndGlobalSection
	GlobalSection(ProjectConfigurationPlatforms) = postSolution
		{15BA50FA-1E4F-4DFA-AC11-FD0B2E0D8664}.Debug|Any CPU.ActiveCfg = Debug|Any CPU
		{15BA50FA-1E4F-4DFA-AC11-FD0B2E0D8664}.Debug|Any CPU.Build.0 = Debug|Any CPU
		{15BA50FA-1E4F-4DFA-AC11-FD0B2E0D8664}.Release|Any CPU.ActiveCfg = Release|Any CPU
		{15BA50FA-1E4F-4DFA-AC11-FD0B2E0D8664}.Release|Any CPU.Build.0 = Release|Any CPU
	EndGlobalSection
	GlobalSection(SolutionProperties) = preSolution
		HideSolutionNode = FALSE
	EndGlobalSection
	GlobalSection(ExtensibilityGlobals) = postSolution
		SolutionGuid = {596FEEA0-49DD-41BC-81FA-BE2D291402E0}
	EndGlobalSection
EndGlobal
