
Microsoft Visual Studio Solution File, Format Version 12.00
# Visual Studio 15
VisualStudioVersion = 15.0.27428.2043
MinimumVisualStudioVersion = 10.0.40219.1
Project("{FAE04EC0-301F-11D3-BF4B-00C04F79EFBC}") = "Josephus Problem part2", "Josephus Problem part2\Josephus Problem part2.csproj", "{22E714A9-0C6E-4E7D-AD9D-7C726EACBFBF}"
EndProject
Global
	GlobalSection(SolutionConfigurationPlatforms) = preSolution
		Debug|Any CPU = Debug|Any CPU
		Release|Any CPU = Release|Any CPU
	EndGlobalSection
	GlobalSection(ProjectConfigurationPlatforms) = postSolution
		{22E714A9-0C6E-4E7D-AD9D-7C726EACBFBF}.Debug|Any CPU.ActiveCfg = Debug|Any CPU
		{22E714A9-0C6E-4E7D-AD9D-7C726EACBFBF}.Debug|Any CPU.Build.0 = Debug|Any CPU
		{22E714A9-0C6E-4E7D-AD9D-7C726EACBFBF}.Release|Any CPU.ActiveCfg = Release|Any CPU
		{22E714A9-0C6E-4E7D-AD9D-7C726EACBFBF}.Release|Any CPU.Build.0 = Release|Any CPU
	EndGlobalSection
	GlobalSection(SolutionProperties) = preSolution
		HideSolutionNode = FALSE
	EndGlobalSection
	GlobalSection(ExtensibilityGlobals) = postSolution
		SolutionGuid = {0C9C337F-279E-4102-B878-80DE3F856774}
	EndGlobalSection
EndGlobal
