
Microsoft Visual Studio Solution File, Format Version 12.00
# Visual Studio 15
VisualStudioVersion = 15.0.27428.2043
MinimumVisualStudioVersion = 10.0.40219.1
Project("{FAE04EC0-301F-11D3-BF4B-00C04F79EFBC}") = "ColorSkeleton", "ColorSkeleton\ColorSkeleton.csproj", "{574D6314-7AB7-4F4B-9696-09FD870D0C54}"
EndProject
Global
	GlobalSection(SolutionConfigurationPlatforms) = preSolution
		Debug|Any CPU = Debug|Any CPU
		Release|Any CPU = Release|Any CPU
	EndGlobalSection
	GlobalSection(ProjectConfigurationPlatforms) = postSolution
		{574D6314-7AB7-4F4B-9696-09FD870D0C54}.Debug|Any CPU.ActiveCfg = Debug|Any CPU
		{574D6314-7AB7-4F4B-9696-09FD870D0C54}.Debug|Any CPU.Build.0 = Debug|Any CPU
		{574D6314-7AB7-4F4B-9696-09FD870D0C54}.Release|Any CPU.ActiveCfg = Release|Any CPU
		{574D6314-7AB7-4F4B-9696-09FD870D0C54}.Release|Any CPU.Build.0 = Release|Any CPU
	EndGlobalSection
	GlobalSection(SolutionProperties) = preSolution
		HideSolutionNode = FALSE
	EndGlobalSection
	GlobalSection(ExtensibilityGlobals) = postSolution
		SolutionGuid = {258935C3-FF40-4436-892C-32171A941F9F}
	EndGlobalSection
EndGlobal
