
Microsoft Visual Studio Solution File, Format Version 12.00
# Visual Studio 15
VisualStudioVersion = 15.0.27428.2043
MinimumVisualStudioVersion = 10.0.40219.1
Project("{FAE04EC0-301F-11D3-BF4B-00C04F79EFBC}") = "ArrayList", "ArrayList\ArrayList.csproj", "{AA483A36-FC55-48A5-80A2-30F3CCB2FBA7}"
EndProject
Global
	GlobalSection(SolutionConfigurationPlatforms) = preSolution
		Debug|Any CPU = Debug|Any CPU
		Release|Any CPU = Release|Any CPU
	EndGlobalSection
	GlobalSection(ProjectConfigurationPlatforms) = postSolution
		{AA483A36-FC55-48A5-80A2-30F3CCB2FBA7}.Debug|Any CPU.ActiveCfg = Debug|Any CPU
		{AA483A36-FC55-48A5-80A2-30F3CCB2FBA7}.Debug|Any CPU.Build.0 = Debug|Any CPU
		{AA483A36-FC55-48A5-80A2-30F3CCB2FBA7}.Release|Any CPU.ActiveCfg = Release|Any CPU
		{AA483A36-FC55-48A5-80A2-30F3CCB2FBA7}.Release|Any CPU.Build.0 = Release|Any CPU
	EndGlobalSection
	GlobalSection(SolutionProperties) = preSolution
		HideSolutionNode = FALSE
	EndGlobalSection
	GlobalSection(ExtensibilityGlobals) = postSolution
		SolutionGuid = {61B0AF9E-E076-4CF1-8427-E7EB9542EF84}
	EndGlobalSection
EndGlobal
