
Microsoft Visual Studio Solution File, Format Version 12.00
# Visual Studio 15
VisualStudioVersion = 15.0.27428.2043
MinimumVisualStudioVersion = 10.0.40219.1
Project("{FAE04EC0-301F-11D3-BF4B-00C04F79EFBC}") = "ConsoleApp2", "ConsoleApp2\ConsoleApp2.csproj", "{BEDE0101-4169-4F24-B6C6-82D20B9594D8}"
EndProject
Global
	GlobalSection(SolutionConfigurationPlatforms) = preSolution
		Debug|Any CPU = Debug|Any CPU
		Release|Any CPU = Release|Any CPU
	EndGlobalSection
	GlobalSection(ProjectConfigurationPlatforms) = postSolution
		{BEDE0101-4169-4F24-B6C6-82D20B9594D8}.Debug|Any CPU.ActiveCfg = Debug|Any CPU
		{BEDE0101-4169-4F24-B6C6-82D20B9594D8}.Debug|Any CPU.Build.0 = Debug|Any CPU
		{BEDE0101-4169-4F24-B6C6-82D20B9594D8}.Release|Any CPU.ActiveCfg = Release|Any CPU
		{BEDE0101-4169-4F24-B6C6-82D20B9594D8}.Release|Any CPU.Build.0 = Release|Any CPU
	EndGlobalSection
	GlobalSection(SolutionProperties) = preSolution
		HideSolutionNode = FALSE
	EndGlobalSection
	GlobalSection(ExtensibilityGlobals) = postSolution
		SolutionGuid = {024FEA37-A2F0-48BD-A461-7E8DC88D64A3}
	EndGlobalSection
EndGlobal
