
Microsoft Visual Studio Solution File, Format Version 12.00
# Visual Studio 15
VisualStudioVersion = 15.0.27428.2043
MinimumVisualStudioVersion = 10.0.40219.1
Project("{FAE04EC0-301F-11D3-BF4B-00C04F79EFBC}") = "ArayList1", "ArayList1\ArayList1.csproj", "{12342BC6-6171-4B26-8954-18BFDD4410C0}"
EndProject
Global
	GlobalSection(SolutionConfigurationPlatforms) = preSolution
		Debug|Any CPU = Debug|Any CPU
		Release|Any CPU = Release|Any CPU
	EndGlobalSection
	GlobalSection(ProjectConfigurationPlatforms) = postSolution
		{12342BC6-6171-4B26-8954-18BFDD4410C0}.Debug|Any CPU.ActiveCfg = Debug|Any CPU
		{12342BC6-6171-4B26-8954-18BFDD4410C0}.Debug|Any CPU.Build.0 = Debug|Any CPU
		{12342BC6-6171-4B26-8954-18BFDD4410C0}.Release|Any CPU.ActiveCfg = Release|Any CPU
		{12342BC6-6171-4B26-8954-18BFDD4410C0}.Release|Any CPU.Build.0 = Release|Any CPU
	EndGlobalSection
	GlobalSection(SolutionProperties) = preSolution
		HideSolutionNode = FALSE
	EndGlobalSection
	GlobalSection(ExtensibilityGlobals) = postSolution
		SolutionGuid = {593C33C1-BC2A-4C47-97CB-D2A049E07AFB}
	EndGlobalSection
EndGlobal
