
Microsoft Visual Studio Solution File, Format Version 12.00
# Visual Studio 15
VisualStudioVersion = 15.0.28010.2016
MinimumVisualStudioVersion = 10.0.40219.1
Project("{FAE04EC0-301F-11D3-BF4B-00C04F79EFBC}") = "ColoredFigure", "ColoredFigure\ColoredFigure.csproj", "{1561BC37-6271-4365-8E49-7471103ED31E}"
EndProject
Global
	GlobalSection(SolutionConfigurationPlatforms) = preSolution
		Debug|Any CPU = Debug|Any CPU
		Release|Any CPU = Release|Any CPU
	EndGlobalSection
	GlobalSection(ProjectConfigurationPlatforms) = postSolution
		{1561BC37-6271-4365-8E49-7471103ED31E}.Debug|Any CPU.ActiveCfg = Debug|Any CPU
		{1561BC37-6271-4365-8E49-7471103ED31E}.Debug|Any CPU.Build.0 = Debug|Any CPU
		{1561BC37-6271-4365-8E49-7471103ED31E}.Release|Any CPU.ActiveCfg = Release|Any CPU
		{1561BC37-6271-4365-8E49-7471103ED31E}.Release|Any CPU.Build.0 = Release|Any CPU
	EndGlobalSection
	GlobalSection(SolutionProperties) = preSolution
		HideSolutionNode = FALSE
	EndGlobalSection
	GlobalSection(ExtensibilityGlobals) = postSolution
		SolutionGuid = {71D16E2A-A333-4AF6-ACDF-BC90799CA2ED}
	EndGlobalSection
EndGlobal
