
Microsoft Visual Studio Solution File, Format Version 12.00
# Visual Studio 15
VisualStudioVersion = 15.0.28010.2016
MinimumVisualStudioVersion = 10.0.40219.1
Project("{FAE04EC0-301F-11D3-BF4B-00C04F79EFBC}") = "Nasledqwane", "Nasledqwane\Nasledqwane.csproj", "{B9B4D085-4494-4A56-9895-1A69F674EDEB}"
EndProject
Global
	GlobalSection(SolutionConfigurationPlatforms) = preSolution
		Debug|Any CPU = Debug|Any CPU
		Release|Any CPU = Release|Any CPU
	EndGlobalSection
	GlobalSection(ProjectConfigurationPlatforms) = postSolution
		{B9B4D085-4494-4A56-9895-1A69F674EDEB}.Debug|Any CPU.ActiveCfg = Debug|Any CPU
		{B9B4D085-4494-4A56-9895-1A69F674EDEB}.Debug|Any CPU.Build.0 = Debug|Any CPU
		{B9B4D085-4494-4A56-9895-1A69F674EDEB}.Release|Any CPU.ActiveCfg = Release|Any CPU
		{B9B4D085-4494-4A56-9895-1A69F674EDEB}.Release|Any CPU.Build.0 = Release|Any CPU
	EndGlobalSection
	GlobalSection(SolutionProperties) = preSolution
		HideSolutionNode = FALSE
	EndGlobalSection
	GlobalSection(ExtensibilityGlobals) = postSolution
		SolutionGuid = {DCFFD927-DB04-4FE6-8EC3-59DFF3155D2F}
	EndGlobalSection
EndGlobal
