
Microsoft Visual Studio Solution File, Format Version 12.00
# Visual Studio 15
VisualStudioVersion = 15.0.28010.2016
MinimumVisualStudioVersion = 10.0.40219.1
Project("{FAE04EC0-301F-11D3-BF4B-00C04F79EFBC}") = "GRID", "GRID\GRID.csproj", "{64E1C06C-C08F-4679-A058-20DDD3799CA8}"
EndProject
Global
	GlobalSection(SolutionConfigurationPlatforms) = preSolution
		Debug|Any CPU = Debug|Any CPU
		Release|Any CPU = Release|Any CPU
	EndGlobalSection
	GlobalSection(ProjectConfigurationPlatforms) = postSolution
		{64E1C06C-C08F-4679-A058-20DDD3799CA8}.Debug|Any CPU.ActiveCfg = Debug|Any CPU
		{64E1C06C-C08F-4679-A058-20DDD3799CA8}.Debug|Any CPU.Build.0 = Debug|Any CPU
		{64E1C06C-C08F-4679-A058-20DDD3799CA8}.Release|Any CPU.ActiveCfg = Release|Any CPU
		{64E1C06C-C08F-4679-A058-20DDD3799CA8}.Release|Any CPU.Build.0 = Release|Any CPU
	EndGlobalSection
	GlobalSection(SolutionProperties) = preSolution
		HideSolutionNode = FALSE
	EndGlobalSection
	GlobalSection(ExtensibilityGlobals) = postSolution
		SolutionGuid = {2FFD023F-ECB1-4431-A15F-C49ED0D23DB1}
	EndGlobalSection
EndGlobal
