
Microsoft Visual Studio Solution File, Format Version 12.00
# Visual Studio 15
VisualStudioVersion = 15.0.27428.2043
MinimumVisualStudioVersion = 10.0.40219.1
Project("{FAE04EC0-301F-11D3-BF4B-00C04F79EFBC}") = "Selection", "Selection\Selection.csproj", "{9EB27E7D-AB13-42CB-8599-C29E742F9B8F}"
EndProject
Global
	GlobalSection(SolutionConfigurationPlatforms) = preSolution
		Debug|Any CPU = Debug|Any CPU
		Release|Any CPU = Release|Any CPU
	EndGlobalSection
	GlobalSection(ProjectConfigurationPlatforms) = postSolution
		{9EB27E7D-AB13-42CB-8599-C29E742F9B8F}.Debug|Any CPU.ActiveCfg = Debug|Any CPU
		{9EB27E7D-AB13-42CB-8599-C29E742F9B8F}.Debug|Any CPU.Build.0 = Debug|Any CPU
		{9EB27E7D-AB13-42CB-8599-C29E742F9B8F}.Release|Any CPU.ActiveCfg = Release|Any CPU
		{9EB27E7D-AB13-42CB-8599-C29E742F9B8F}.Release|Any CPU.Build.0 = Release|Any CPU
	EndGlobalSection
	GlobalSection(SolutionProperties) = preSolution
		HideSolutionNode = FALSE
	EndGlobalSection
	GlobalSection(ExtensibilityGlobals) = postSolution
		SolutionGuid = {65B3FF50-151A-4652-8572-D7697ADD8AC8}
	EndGlobalSection
EndGlobal
